
Microsoft Visual Studio Solution File, Format Version 12.00
# Visual Studio Version 17
VisualStudioVersion = 17.14.36109.1 d17.14
MinimumVisualStudioVersion = 10.0.40219.1
Project("{FAE04EC0-301F-11D3-BF4B-00C04F79EFBC}") = "SQL_Migration", "SQL_Migration\SQL_Migration.csproj", "{09290586-22BF-4B5F-9634-717DB3E60E47}"
EndProject
Global
	GlobalSection(SolutionConfigurationPlatforms) = preSolution
		Debug|Any CPU = Debug|Any CPU
		Release|Any CPU = Release|Any CPU
	EndGlobalSection
	GlobalSection(ProjectConfigurationPlatforms) = postSolution
		{09290586-22BF-4B5F-9634-717DB3E60E47}.Debug|Any CPU.ActiveCfg = Debug|Any CPU
		{09290586-22BF-4B5F-9634-717DB3E60E47}.Debug|Any CPU.Build.0 = Debug|Any CPU
		{09290586-22BF-4B5F-9634-717DB3E60E47}.Release|Any CPU.ActiveCfg = Release|Any CPU
		{09290586-22BF-4B5F-9634-717DB3E60E47}.Release|Any CPU.Build.0 = Release|Any CPU
	EndGlobalSection
	GlobalSection(SolutionProperties) = preSolution
		HideSolutionNode = FALSE
	EndGlobalSection
	GlobalSection(ExtensibilityGlobals) = postSolution
		SolutionGuid = {37DB6C01-11CD-4B98-8E6D-2660C7A201CA}
	EndGlobalSection
EndGlobal
